
Microsoft Visual Studio Solution File, Format Version 12.00
# Visual Studio Version 17
VisualStudioVersion = 17.0.31919.166
MinimumVisualStudioVersion = 10.0.40219.1
Project("{9A19103F-16F7-4668-BE54-9A1E7A4F7556}") = "Example", "Example\Example.csproj", "{1A8CEB29-A62D-4BEA-B935-51F35285C013}"
EndProject
Project("{9A19103F-16F7-4668-BE54-9A1E7A4F7556}") = "Scorpio.Conversion", "Scorpio.Conversion\Scorpio.Conversion.csproj", "{CCB599FC-0FA2-4824-8059-98D26CE008A4}"
EndProject
Global
	GlobalSection(SolutionConfigurationPlatforms) = preSolution
		Debug|Any CPU = Debug|Any CPU
		Release|Any CPU = Release|Any CPU
	EndGlobalSection
	GlobalSection(ProjectConfigurationPlatforms) = postSolution
		{1A8CEB29-A62D-4BEA-B935-51F35285C013}.Debug|Any CPU.ActiveCfg = Debug|Any CPU
		{1A8CEB29-A62D-4BEA-B935-51F35285C013}.Debug|Any CPU.Build.0 = Debug|Any CPU
		{1A8CEB29-A62D-4BEA-B935-51F35285C013}.Release|Any CPU.ActiveCfg = Release|Any CPU
		{1A8CEB29-A62D-4BEA-B935-51F35285C013}.Release|Any CPU.Build.0 = Release|Any CPU
		{CCB599FC-0FA2-4824-8059-98D26CE008A4}.Debug|Any CPU.ActiveCfg = Debug|Any CPU
		{CCB599FC-0FA2-4824-8059-98D26CE008A4}.Debug|Any CPU.Build.0 = Debug|Any CPU
		{CCB599FC-0FA2-4824-8059-98D26CE008A4}.Release|Any CPU.ActiveCfg = Release|Any CPU
		{CCB599FC-0FA2-4824-8059-98D26CE008A4}.Release|Any CPU.Build.0 = Release|Any CPU
	EndGlobalSection
	GlobalSection(SolutionProperties) = preSolution
		HideSolutionNode = FALSE
	EndGlobalSection
	GlobalSection(ExtensibilityGlobals) = postSolution
		SolutionGuid = {EE797D80-4054-4361-BAD3-5CEF736218DD}
	EndGlobalSection
EndGlobal
