
Microsoft Visual Studio Solution File, Format Version 12.00
# Visual Studio 15
VisualStudioVersion = 15.0.27004.2006
MinimumVisualStudioVersion = 10.0.40219.1
Project("{FAE04EC0-301F-11D3-BF4B-00C04F79EFBC}") = "Library", "Library\Library.csproj", "{26163BC7-DB7A-4110-9E9B-AFA38712D076}"
EndProject
Project("{FAE04EC0-301F-11D3-BF4B-00C04F79EFBC}") = "ScorpioZip", "ScorpioZip\ScorpioZip.csproj", "{58AEFB8A-AB51-42CE-890C-164E6BF36516}"
EndProject
Project("{FAE04EC0-301F-11D3-BF4B-00C04F79EFBC}") = "ScorpioConversion", "ScorpioConversion\ScorpioConversion.csproj", "{335FAAB4-80A8-44F1-86C2-CF67C96BD270}"
EndProject
Project("{FAE04EC0-301F-11D3-BF4B-00C04F79EFBC}") = "Conversion", "Conversion\Conversion.csproj", "{490C9837-AA7C-4B4E-8EA7-2D638A771D08}"
EndProject
Global
	GlobalSection(SolutionConfigurationPlatforms) = preSolution
		Build|Any CPU = Build|Any CPU
		Debug|Any CPU = Debug|Any CPU
		Release|Any CPU = Release|Any CPU
	EndGlobalSection
	GlobalSection(ProjectConfigurationPlatforms) = postSolution
		{26163BC7-DB7A-4110-9E9B-AFA38712D076}.Build|Any CPU.ActiveCfg = Build|Any CPU
		{26163BC7-DB7A-4110-9E9B-AFA38712D076}.Build|Any CPU.Build.0 = Build|Any CPU
		{26163BC7-DB7A-4110-9E9B-AFA38712D076}.Debug|Any CPU.ActiveCfg = Debug|Any CPU
		{26163BC7-DB7A-4110-9E9B-AFA38712D076}.Debug|Any CPU.Build.0 = Debug|Any CPU
		{26163BC7-DB7A-4110-9E9B-AFA38712D076}.Release|Any CPU.ActiveCfg = Release|Any CPU
		{26163BC7-DB7A-4110-9E9B-AFA38712D076}.Release|Any CPU.Build.0 = Release|Any CPU
		{58AEFB8A-AB51-42CE-890C-164E6BF36516}.Build|Any CPU.ActiveCfg = Build|Any CPU
		{58AEFB8A-AB51-42CE-890C-164E6BF36516}.Build|Any CPU.Build.0 = Build|Any CPU
		{58AEFB8A-AB51-42CE-890C-164E6BF36516}.Debug|Any CPU.ActiveCfg = Debug|Any CPU
		{58AEFB8A-AB51-42CE-890C-164E6BF36516}.Debug|Any CPU.Build.0 = Debug|Any CPU
		{58AEFB8A-AB51-42CE-890C-164E6BF36516}.Release|Any CPU.ActiveCfg = Release|Any CPU
		{58AEFB8A-AB51-42CE-890C-164E6BF36516}.Release|Any CPU.Build.0 = Release|Any CPU
		{335FAAB4-80A8-44F1-86C2-CF67C96BD270}.Build|Any CPU.ActiveCfg = Build|Any CPU
		{335FAAB4-80A8-44F1-86C2-CF67C96BD270}.Build|Any CPU.Build.0 = Build|Any CPU
		{335FAAB4-80A8-44F1-86C2-CF67C96BD270}.Debug|Any CPU.ActiveCfg = Debug|Any CPU
		{335FAAB4-80A8-44F1-86C2-CF67C96BD270}.Debug|Any CPU.Build.0 = Debug|Any CPU
		{335FAAB4-80A8-44F1-86C2-CF67C96BD270}.Release|Any CPU.ActiveCfg = Release|Any CPU
		{335FAAB4-80A8-44F1-86C2-CF67C96BD270}.Release|Any CPU.Build.0 = Release|Any CPU
		{490C9837-AA7C-4B4E-8EA7-2D638A771D08}.Build|Any CPU.ActiveCfg = Build|Any CPU
		{490C9837-AA7C-4B4E-8EA7-2D638A771D08}.Build|Any CPU.Build.0 = Build|Any CPU
		{490C9837-AA7C-4B4E-8EA7-2D638A771D08}.Debug|Any CPU.ActiveCfg = Debug|Any CPU
		{490C9837-AA7C-4B4E-8EA7-2D638A771D08}.Debug|Any CPU.Build.0 = Debug|Any CPU
		{490C9837-AA7C-4B4E-8EA7-2D638A771D08}.Release|Any CPU.ActiveCfg = Release|Any CPU
		{490C9837-AA7C-4B4E-8EA7-2D638A771D08}.Release|Any CPU.Build.0 = Release|Any CPU
	EndGlobalSection
	GlobalSection(SolutionProperties) = preSolution
		HideSolutionNode = FALSE
	EndGlobalSection
	GlobalSection(ExtensibilityGlobals) = postSolution
		SolutionGuid = {5EAF0917-0014-4F02-9B91-22FFB1065ABB}
	EndGlobalSection
EndGlobal
