
Microsoft Visual Studio Solution File, Format Version 12.00
# Visual Studio 15
VisualStudioVersion = 15.0.28010.2019
MinimumVisualStudioVersion = 10.0.40219.1
Project("{9A19103F-16F7-4668-BE54-9A1E7A4F7556}") = "ScorpioConversion", "ScorpioConversion.csproj", "{EC403A70-5AEF-4D69-A56B-08F296E4693B}"
EndProject
Global
	GlobalSection(SolutionConfigurationPlatforms) = preSolution
		Debug|Any CPU = Debug|Any CPU
		Release|Any CPU = Release|Any CPU
	EndGlobalSection
	GlobalSection(ProjectConfigurationPlatforms) = postSolution
		{EC403A70-5AEF-4D69-A56B-08F296E4693B}.Debug|Any CPU.ActiveCfg = Debug|Any CPU
		{EC403A70-5AEF-4D69-A56B-08F296E4693B}.Debug|Any CPU.Build.0 = Debug|Any CPU
		{EC403A70-5AEF-4D69-A56B-08F296E4693B}.Release|Any CPU.ActiveCfg = Release|Any CPU
		{EC403A70-5AEF-4D69-A56B-08F296E4693B}.Release|Any CPU.Build.0 = Release|Any CPU
	EndGlobalSection
	GlobalSection(SolutionProperties) = preSolution
		HideSolutionNode = FALSE
	EndGlobalSection
	GlobalSection(ExtensibilityGlobals) = postSolution
		SolutionGuid = {BD17F7AB-AF1B-4D32-84B8-30E630AC3834}
	EndGlobalSection
EndGlobal
